
Microsoft Visual Studio Solution File, Format Version 12.00
# Visual Studio Version 17
VisualStudioVersion = 17.5.002.0
MinimumVisualStudioVersion = 10.0.40219.1
Project("{9A19103F-16F7-4668-BE54-9A1E7A4F7556}") = "HM-7nov2024_net", "HM-7nov2024_net.csproj", "{1EB88233-5C89-48C5-9E19-7C5AD204B5C3}"
EndProject
Global
	GlobalSection(SolutionConfigurationPlatforms) = preSolution
		Debug|Any CPU = Debug|Any CPU
		Release|Any CPU = Release|Any CPU
	EndGlobalSection
	GlobalSection(ProjectConfigurationPlatforms) = postSolution
		{1EB88233-5C89-48C5-9E19-7C5AD204B5C3}.Debug|Any CPU.ActiveCfg = Debug|Any CPU
		{1EB88233-5C89-48C5-9E19-7C5AD204B5C3}.Debug|Any CPU.Build.0 = Debug|Any CPU
		{1EB88233-5C89-48C5-9E19-7C5AD204B5C3}.Release|Any CPU.ActiveCfg = Release|Any CPU
		{1EB88233-5C89-48C5-9E19-7C5AD204B5C3}.Release|Any CPU.Build.0 = Release|Any CPU
	EndGlobalSection
	GlobalSection(SolutionProperties) = preSolution
		HideSolutionNode = FALSE
	EndGlobalSection
	GlobalSection(ExtensibilityGlobals) = postSolution
		SolutionGuid = {50943417-85AE-4396-BF32-5BFB2D84C55C}
	EndGlobalSection
EndGlobal
